
Microsoft Visual Studio Solution File, Format Version 12.00
# Visual Studio 15
VisualStudioVersion = 15.0.28307.960
MinimumVisualStudioVersion = 10.0.40219.1
Project("{FAE04EC0-301F-11D3-BF4B-00C04F79EFBC}") = "HPlus.Ecommerce", "HPlus.Ecommerce\HPlus.Ecommerce.csproj", "{294ADD4E-C855-4A57-852F-C12DF382B1A1}"
EndProject
Global
	GlobalSection(SolutionConfigurationPlatforms) = preSolution
		Debug|Any CPU = Debug|Any CPU
		Release|Any CPU = Release|Any CPU
	EndGlobalSection
	GlobalSection(ProjectConfigurationPlatforms) = postSolution
		{294ADD4E-C855-4A57-852F-C12DF382B1A1}.Debug|Any CPU.ActiveCfg = Debug|Any CPU
		{294ADD4E-C855-4A57-852F-C12DF382B1A1}.Debug|Any CPU.Build.0 = Debug|Any CPU
		{294ADD4E-C855-4A57-852F-C12DF382B1A1}.Release|Any CPU.ActiveCfg = Release|Any CPU
		{294ADD4E-C855-4A57-852F-C12DF382B1A1}.Release|Any CPU.Build.0 = Release|Any CPU
	EndGlobalSection
	GlobalSection(SolutionProperties) = preSolution
		HideSolutionNode = FALSE
	EndGlobalSection
	GlobalSection(ExtensibilityGlobals) = postSolution
		SolutionGuid = {040ADE11-4DD7-4042-9AA2-41F58BD78A01}
	EndGlobalSection
EndGlobal
