
Microsoft Visual Studio Solution File, Format Version 12.00
# Visual Studio Version 16
VisualStudioVersion = 16.0.29609.76
MinimumVisualStudioVersion = 10.0.40219.1
Project("{FAE04EC0-301F-11D3-BF4B-00C04F79EFBC}") = "UnitTestProject", "UnitTestProject\UnitTestProject.csproj", "{96F7E6BB-2464-4BB3-90AD-965A8EE2F7A0}"
EndProject
Global
	GlobalSection(SolutionConfigurationPlatforms) = preSolution
		Debug|Any CPU = Debug|Any CPU
		Release|Any CPU = Release|Any CPU
	EndGlobalSection
	GlobalSection(ProjectConfigurationPlatforms) = postSolution
		{96F7E6BB-2464-4BB3-90AD-965A8EE2F7A0}.Debug|Any CPU.ActiveCfg = Debug|Any CPU
		{96F7E6BB-2464-4BB3-90AD-965A8EE2F7A0}.Debug|Any CPU.Build.0 = Debug|Any CPU
		{96F7E6BB-2464-4BB3-90AD-965A8EE2F7A0}.Release|Any CPU.ActiveCfg = Release|Any CPU
		{96F7E6BB-2464-4BB3-90AD-965A8EE2F7A0}.Release|Any CPU.Build.0 = Release|Any CPU
	EndGlobalSection
	GlobalSection(SolutionProperties) = preSolution
		HideSolutionNode = FALSE
	EndGlobalSection
	GlobalSection(ExtensibilityGlobals) = postSolution
		SolutionGuid = {E39E6A96-AA21-4D66-B5B2-84406A7AB7B1}
	EndGlobalSection
EndGlobal
