
Microsoft Visual Studio Solution File, Format Version 12.00
# Visual Studio Version 16
VisualStudioVersion = 16.0.30523.141
MinimumVisualStudioVersion = 10.0.40219.1
Project("{FAE04EC0-301F-11D3-BF4B-00C04F79EFBC}") = "BitLockerUtility48", "BitLockerUtility48\BitLockerUtility48.csproj", "{892BFABD-D5E5-4FD8-9BC9-4098464EBF83}"
EndProject
Global
	GlobalSection(SolutionConfigurationPlatforms) = preSolution
		Debug|Any CPU = Debug|Any CPU
		Release|Any CPU = Release|Any CPU
	EndGlobalSection
	GlobalSection(ProjectConfigurationPlatforms) = postSolution
		{892BFABD-D5E5-4FD8-9BC9-4098464EBF83}.Debug|Any CPU.ActiveCfg = Debug|Any CPU
		{892BFABD-D5E5-4FD8-9BC9-4098464EBF83}.Debug|Any CPU.Build.0 = Debug|Any CPU
		{892BFABD-D5E5-4FD8-9BC9-4098464EBF83}.Release|Any CPU.ActiveCfg = Release|Any CPU
		{892BFABD-D5E5-4FD8-9BC9-4098464EBF83}.Release|Any CPU.Build.0 = Release|Any CPU
	EndGlobalSection
	GlobalSection(SolutionProperties) = preSolution
		HideSolutionNode = FALSE
	EndGlobalSection
	GlobalSection(ExtensibilityGlobals) = postSolution
		SolutionGuid = {F2011876-5B1E-40D5-A9A3-09F24D6F1E9D}
	EndGlobalSection
EndGlobal
